
Microsoft Visual Studio Solution File, Format Version 12.00
# Visual Studio 15
VisualStudioVersion = 15.0.27004.2005
MinimumVisualStudioVersion = 10.0.40219.1
Project("{FAE04EC0-301F-11D3-BF4B-00C04F79EFBC}") = "SpirographGenerator", "SpirographGenerator\SpirographGenerator.csproj", "{A451CDD7-711B-4447-B165-57AF6796B4D9}"
EndProject
Global
	GlobalSection(SolutionConfigurationPlatforms) = preSolution
		Debug|Any CPU = Debug|Any CPU
		Release|Any CPU = Release|Any CPU
	EndGlobalSection
	GlobalSection(ProjectConfigurationPlatforms) = postSolution
		{A451CDD7-711B-4447-B165-57AF6796B4D9}.Debug|Any CPU.ActiveCfg = Debug|Any CPU
		{A451CDD7-711B-4447-B165-57AF6796B4D9}.Debug|Any CPU.Build.0 = Debug|Any CPU
		{A451CDD7-711B-4447-B165-57AF6796B4D9}.Release|Any CPU.ActiveCfg = Release|Any CPU
		{A451CDD7-711B-4447-B165-57AF6796B4D9}.Release|Any CPU.Build.0 = Release|Any CPU
	EndGlobalSection
	GlobalSection(SolutionProperties) = preSolution
		HideSolutionNode = FALSE
	EndGlobalSection
	GlobalSection(ExtensibilityGlobals) = postSolution
		SolutionGuid = {3917A14A-3720-4033-B973-F1141D3294F0}
	EndGlobalSection
EndGlobal
